<?xml version="1.0" encoding="UTF-8" standalone="yes" ?>
<CodeBlocks_project_file>
	<FileVersion major="1" minor="6" />
	<Project>
		<Option title="PokeWIN" />
		<Option pch_mode="2" />
		<Option compiler="gcc" />
		<Build>
			<Target title="DEBUG">
				<Option output="binaries/PokeWIN" prefix_auto="1" extension_auto="1" />
				<Option object_output="binaries/" />
				<Option type="1" />
				<Option compiler="gcc" />
				<Compiler>
					<Add option="-g" />
				</Compiler>
			</Target>
			<Target title="RELEASE">
				<Option output="binaries/PokeWIN" prefix_auto="1" extension_auto="1" />
				<Option object_output="binaries/" />
				<Option type="1" />
				<Option compiler="gcc" />
				<Compiler>
					<Add option="-O2" />
				</Compiler>
				<Linker>
					<Add option="-s" />
				</Linker>
			</Target>
		</Build>
		<Compiler>
			<Add option="-Wall" />
		</Compiler>
		<Extensions />
	</Project>
</CodeBlocks_project_file>
